PODS:
  - FBSnapshotTestCase (2.1.4):
    - FBSnapshotTestCase/SwiftSupport (= 2.1.4)
  - FBSnapshotTestCase/Core (2.1.4)
  - FBSnapshotTestCase/SwiftSupport (2.1.4):
    - FBSnapshotTestCase/Core
  - HuayingStatefulViewMachine (0.1.0):
    - SnapKit
  - SnapKit (4.0.0)

DEPENDENCIES:
  - FBSnapshotTestCase (~> 2.1.4)
  - HuayingStatefulViewMachine (from `../`)

EXTERNAL SOURCES:
  HuayingStatefulViewMachine:
    :path: "../"

SPEC CHECKSUMS:
  FBSnapshotTestCase: '094f9f314decbabe373b87cc339bea235a63e07a'
  HuayingStatefulViewMachine: fd23fa167a448835a6d56d69d6560fc9bab71faa
  SnapKit: a42d492c16e80209130a3379f73596c3454b7694

PODFILE CHECKSUM: 81177e93a85e8bc296e1c077337becedc390b1dc

COCOAPODS: 1.2.1
